
Microsoft Visual Studio Solution File, Format Version 12.00
# Visual Studio 15
Project("{FAE04EC0-301F-11D3-BF4B-00C04F79EFBC}") = "Oculus.Interaction.Editor", "Oculus.Interaction.Editor.csproj", "{1CBA4C7D-EE47-B231-4BBC-839466313E15}"
EndProject
Project("{FAE04EC0-301F-11D3-BF4B-00C04F79EFBC}") = "Meta.WitAi.Conduit", "Meta.WitAi.Conduit.csproj", "{D1A5D714-446A-8F16-DC26-8E48936B893A}"
EndProject
Project("{FAE04EC0-301F-11D3-BF4B-00C04F79EFBC}") = "Oculus.VR", "Oculus.VR.csproj", "{E6763583-97DF-FB54-695D-3F0CDDE221CE}"
EndProject
Project("{FAE04EC0-301F-11D3-BF4B-00C04F79EFBC}") = "Oculus.Interaction", "Oculus.Interaction.csproj", "{4C93F264-6AE6-6228-70B9-08BE47B43D2C}"
EndProject
Project("{FAE04EC0-301F-11D3-BF4B-00C04F79EFBC}") = "Meta.Voice.Samples.ShapesConduit", "Meta.Voice.Samples.ShapesConduit.csproj", "{C58541C8-E9BE-BC3C-E041-9ACA9E44A0D1}"
EndProject
Project("{FAE04EC0-301F-11D3-BF4B-00C04F79EFBC}") = "Meta.WitAi.Editor", "Meta.WitAi.Editor.csproj", "{FEBF4082-4B62-4650-4A47-938F5F762955}"
EndProject
Project("{FAE04EC0-301F-11D3-BF4B-00C04F79EFBC}") = "Oculus.Platform", "Oculus.Platform.csproj", "{860D755A-083C-B9A9-29DA-A9EDE0B7E203}"
EndProject
Project("{FAE04EC0-301F-11D3-BF4B-00C04F79EFBC}") = "VoiceSDK.Telemetry", "VoiceSDK.Telemetry.csproj", "{B385A083-5F29-F9FE-DB0A-C62012FCACF0}"
EndProject
Project("{FAE04EC0-301F-11D3-BF4B-00C04F79EFBC}") = "Meta.WitAi.Conduit.Editor", "Meta.WitAi.Conduit.Editor.csproj", "{FEAC807D-0299-2844-9FAF-D95C47ED5B3F}"
EndProject
Project("{FAE04EC0-301F-11D3-BF4B-00C04F79EFBC}") = "Meta.WitAi", "Meta.WitAi.csproj", "{AEFEC047-3C89-F67D-53AA-F67AA12A43A4}"
EndProject
Project("{FAE04EC0-301F-11D3-BF4B-00C04F79EFBC}") = "Oculus.Interaction.OVR.Samples", "Oculus.Interaction.OVR.Samples.csproj", "{F02B8140-651F-5341-A0C8-B1BC0DE21C7A}"
EndProject
Project("{FAE04EC0-301F-11D3-BF4B-00C04F79EFBC}") = "Assembly-CSharp", "Assembly-CSharp.csproj", "{D2D072EE-D984-52D2-7115-6B3F50C2ED42}"
EndProject
Project("{FAE04EC0-301F-11D3-BF4B-00C04F79EFBC}") = "Meta.WitAi.Lib", "Meta.WitAi.Lib.csproj", "{0FA0B255-7147-3257-F49E-DF3DAE62E4CE}"
EndProject
Project("{FAE04EC0-301F-11D3-BF4B-00C04F79EFBC}") = "Oculus.VR.Editor", "Oculus.VR.Editor.csproj", "{A79F8265-3B81-CBC1-3D4A-93BA5927848C}"
EndProject
Project("{FAE04EC0-301F-11D3-BF4B-00C04F79EFBC}") = "Meta.Voice.Hub.Runtime", "Meta.Voice.Hub.Runtime.csproj", "{8A3F67B4-C38B-0627-62C4-AC1D491D4B93}"
EndProject
Project("{FAE04EC0-301F-11D3-BF4B-00C04F79EFBC}") = "Oculus.Interaction.OVR.Editor", "Oculus.Interaction.OVR.Editor.csproj", "{50C53288-4289-DACA-6E58-00FB7FB7C63E}"
EndProject
Project("{FAE04EC0-301F-11D3-BF4B-00C04F79EFBC}") = "VoiceSDK.Dictation.Runtime", "VoiceSDK.Dictation.Runtime.csproj", "{C764B396-B51B-B7A6-3BED-31E5B33916E4}"
EndProject
Project("{FAE04EC0-301F-11D3-BF4B-00C04F79EFBC}") = "Oculus.LipSync", "Oculus.LipSync.csproj", "{8D91CF27-0E54-61F9-CC44-C0DE6D025CAA}"
EndProject
Project("{FAE04EC0-301F-11D3-BF4B-00C04F79EFBC}") = "Oculus.Interaction.OVR", "Oculus.Interaction.OVR.csproj", "{A3920395-BADF-3965-A097-775EB520CB0E}"
EndProject
Project("{FAE04EC0-301F-11D3-BF4B-00C04F79EFBC}") = "Meta.Voice.Hub.Editor", "Meta.Voice.Hub.Editor.csproj", "{034AA438-DC51-F6FB-D574-7B27AD64A9A4}"
EndProject
Project("{FAE04EC0-301F-11D3-BF4B-00C04F79EFBC}") = "VoiceSDK.Editor", "VoiceSDK.Editor.csproj", "{5AB13E57-7FF2-9638-EB69-65C19803FBC1}"
EndProject
Project("{FAE04EC0-301F-11D3-BF4B-00C04F79EFBC}") = "Meta.WitAI.Lib.Editor", "Meta.WitAI.Lib.Editor.csproj", "{7A0829C7-6B51-1E0B-17E5-0A8F82259A08}"
EndProject
Project("{FAE04EC0-301F-11D3-BF4B-00C04F79EFBC}") = "Oculus.Spatializer.Editor", "Oculus.Spatializer.Editor.csproj", "{DDF76637-B9A2-FE38-E8F4-A1653A81AB3D}"
EndProject
Project("{FAE04EC0-301F-11D3-BF4B-00C04F79EFBC}") = "AssistantCoreSDKRuntime", "AssistantCoreSDKRuntime.csproj", "{82AA56B4-4DC8-9807-B65C-A073E68FBB24}"
EndProject
Project("{FAE04EC0-301F-11D3-BF4B-00C04F79EFBC}") = "Oculus.AudioManager", "Oculus.AudioManager.csproj", "{59BAC975-E975-248D-6FF8-7570E9D4EA2C}"
EndProject
Project("{FAE04EC0-301F-11D3-BF4B-00C04F79EFBC}") = "VoiceSDK.Runtime", "VoiceSDK.Runtime.csproj", "{2DFA0D05-942B-061C-5E38-DA90157D7526}"
EndProject
Project("{FAE04EC0-301F-11D3-BF4B-00C04F79EFBC}") = "Facebook.Wit.Dictation", "Facebook.Wit.Dictation.csproj", "{67B3359A-D85D-C9DF-E189-C92D312AB170}"
EndProject
Project("{FAE04EC0-301F-11D3-BF4B-00C04F79EFBC}") = "Meta.Voice.Samples.BuiltInTimer", "Meta.Voice.Samples.BuiltInTimer.csproj", "{ECB64864-2CA3-1163-0D97-DFBF22712594}"
EndProject
Project("{FAE04EC0-301F-11D3-BF4B-00C04F79EFBC}") = "Oculus.Platform.Editor", "Oculus.Platform.Editor.csproj", "{A6FF7099-09A7-66F0-24C3-CC1B241F7426}"
EndProject
Project("{FAE04EC0-301F-11D3-BF4B-00C04F79EFBC}") = "Meta.XR.BuildingBlocks.Editor", "Meta.XR.BuildingBlocks.Editor.csproj", "{3A3514DE-E565-79AF-D9A9-0982D84D7820}"
EndProject
Project("{FAE04EC0-301F-11D3-BF4B-00C04F79EFBC}") = "Meta.Voice.Samples.TTSVoices", "Meta.Voice.Samples.TTSVoices.csproj", "{20C75D1B-69CC-5D4F-5388-0435438A16F4}"
EndProject
Project("{FAE04EC0-301F-11D3-BF4B-00C04F79EFBC}") = "Meta.Voice.VSDKHub.Editor", "Meta.Voice.VSDKHub.Editor.csproj", "{CE25A3B8-0F00-3B82-373A-A3D2F3D0B98E}"
EndProject
Project("{FAE04EC0-301F-11D3-BF4B-00C04F79EFBC}") = "Meta.WitAi.TTS", "Meta.WitAi.TTS.csproj", "{EE651A5B-251E-91AB-9021-ABCA1B7DE632}"
EndProject
Project("{FAE04EC0-301F-11D3-BF4B-00C04F79EFBC}") = "Oculus.AudioManager.Audio.Editor", "Oculus.AudioManager.Audio.Editor.csproj", "{5BFE7728-1EF9-EB40-ABF3-1BF0F7DD56E1}"
EndProject
Project("{FAE04EC0-301F-11D3-BF4B-00C04F79EFBC}") = "Assembly-CSharp-Editor", "Assembly-CSharp-Editor.csproj", "{FDC9EB41-5771-1536-E2C6-2CFBB01E3FC3}"
EndProject
Project("{FAE04EC0-301F-11D3-BF4B-00C04F79EFBC}") = "Meta.Voice.Samples.Chess", "Meta.Voice.Samples.Chess.csproj", "{44CF7C10-6659-7E5A-B281-322B21B85666}"
EndProject
Project("{FAE04EC0-301F-11D3-BF4B-00C04F79EFBC}") = "Oculus.VR.Scripts.Editor", "Oculus.VR.Scripts.Editor.csproj", "{B7109690-D965-B192-BF5F-E4AEFCB2CC13}"
EndProject
Project("{FAE04EC0-301F-11D3-BF4B-00C04F79EFBC}") = "Meta.Voice.Samples.LightTraits", "Meta.Voice.Samples.LightTraits.csproj", "{EBB8BA27-0496-3E17-90BC-50CE56630390}"
EndProject
Project("{FAE04EC0-301F-11D3-BF4B-00C04F79EFBC}") = "Meta.Voice.Samples.Dictation", "Meta.Voice.Samples.Dictation.csproj", "{016594F3-3F89-AA9B-A061-BDF9FFF8AC7C}"
EndProject
Project("{FAE04EC0-301F-11D3-BF4B-00C04F79EFBC}") = "Meta.Voice.Samples.Shapes", "Meta.Voice.Samples.Shapes.csproj", "{DDE126C9-06C6-AD02-79AF-2D7B04B0AA4E}"
EndProject
Project("{FAE04EC0-301F-11D3-BF4B-00C04F79EFBC}") = "Oculus.Interaction.Samples.Editor", "Oculus.Interaction.Samples.Editor.csproj", "{7996F6A7-3EDC-850A-7CFF-A5222352A1BB}"
EndProject
Project("{FAE04EC0-301F-11D3-BF4B-00C04F79EFBC}") = "Meta.WitAi.TTS.Editor", "Meta.WitAi.TTS.Editor.csproj", "{FE925DDF-C33B-D5BA-8351-CD095AD86423}"
EndProject
Project("{FAE04EC0-301F-11D3-BF4B-00C04F79EFBC}") = "Meta.XR.BuildingBlocks", "Meta.XR.BuildingBlocks.csproj", "{C7438F13-9A15-E988-8D1A-8C5C8766502D}"
EndProject
Project("{FAE04EC0-301F-11D3-BF4B-00C04F79EFBC}") = "Oculus.Spatializer", "Oculus.Spatializer.csproj", "{4A144F89-0FD5-0491-3127-BFCDC9B75B0B}"
EndProject
Project("{FAE04EC0-301F-11D3-BF4B-00C04F79EFBC}") = "Oculus.LipSync.Editor", "Oculus.LipSync.Editor.csproj", "{F581D3C3-238A-F837-90CA-8E3B7DAB9764}"
EndProject
Project("{FAE04EC0-301F-11D3-BF4B-00C04F79EFBC}") = "Oculus.AudioManager.Utils.Editor", "Oculus.AudioManager.Utils.Editor.csproj", "{06637B4B-D223-BCA3-FD41-CE4811DF0758}"
EndProject
Project("{FAE04EC0-301F-11D3-BF4B-00C04F79EFBC}") = "Meta.VoiceSDK.Mic.Common", "Meta.VoiceSDK.Mic.Common.csproj", "{5261339F-6AE0-B800-6F80-8113E0EF4BA2}"
EndProject
Project("{FAE04EC0-301F-11D3-BF4B-00C04F79EFBC}") = "VoiceSDK.Dictation.Editor", "VoiceSDK.Dictation.Editor.csproj", "{63DBD3BC-F77E-AA42-1290-C5AC73C7F957}"
EndProject
Project("{FAE04EC0-301F-11D3-BF4B-00C04F79EFBC}") = "Meta.VoiceSDK.Mic.Other", "Meta.VoiceSDK.Mic.Other.csproj", "{AC4EAE16-C466-2CEA-3F1B-0BE211F28C31}"
EndProject
Project("{FAE04EC0-301F-11D3-BF4B-00C04F79EFBC}") = "AssistantCoreSDKEditor", "AssistantCoreSDKEditor.csproj", "{7EC26D63-E292-45FE-7E0C-739A289B233F}"
EndProject
Project("{FAE04EC0-301F-11D3-BF4B-00C04F79EFBC}") = "Oculus.Interaction.InterfaceSupport", "Oculus.Interaction.InterfaceSupport.csproj", "{D5152536-3AC2-C0C1-42BA-D6232200B3F5}"
EndProject
Project("{FAE04EC0-301F-11D3-BF4B-00C04F79EFBC}") = "Meta.Voice.Samples.LiveUnderstanding", "Meta.Voice.Samples.LiveUnderstanding.csproj", "{684BBFD0-15CB-D547-C207-EC3D2EFEB654}"
EndProject
Project("{FAE04EC0-301F-11D3-BF4B-00C04F79EFBC}") = "Facebook.Wit.Dictation.Editor", "Facebook.Wit.Dictation.Editor.csproj", "{8BB9E8EA-64A5-A020-B06A-440858DBF8BF}"
EndProject
Project("{FAE04EC0-301F-11D3-BF4B-00C04F79EFBC}") = "Meta.VoiceSDK.Mic.WebGL", "Meta.VoiceSDK.Mic.WebGL.csproj", "{B87F0247-9CF8-AE13-EE43-51475523C04A}"
EndProject
Global
	GlobalSection(SolutionConfigurationPlatforms) = preSolution
		Debug|Any CPU = Debug|Any CPU
		Release|Any CPU = Release|Any CPU
	EndGlobalSection
	GlobalSection(ProjectConfigurationPlatforms) = postSolution
		{1CBA4C7D-EE47-B231-4BBC-839466313E15}.Debug|Any CPU.ActiveCfg = Debug|Any CPU
		{1CBA4C7D-EE47-B231-4BBC-839466313E15}.Debug|Any CPU.Build.0 = Debug|Any CPU
		{1CBA4C7D-EE47-B231-4BBC-839466313E15}.Release|Any CPU.ActiveCfg = Release|Any CPU
		{1CBA4C7D-EE47-B231-4BBC-839466313E15}.Release|Any CPU.Build.0 = Release|Any CPU
		{D1A5D714-446A-8F16-DC26-8E48936B893A}.Debug|Any CPU.ActiveCfg = Debug|Any CPU
		{D1A5D714-446A-8F16-DC26-8E48936B893A}.Debug|Any CPU.Build.0 = Debug|Any CPU
		{D1A5D714-446A-8F16-DC26-8E48936B893A}.Release|Any CPU.ActiveCfg = Release|Any CPU
		{D1A5D714-446A-8F16-DC26-8E48936B893A}.Release|Any CPU.Build.0 = Release|Any CPU
		{E6763583-97DF-FB54-695D-3F0CDDE221CE}.Debug|Any CPU.ActiveCfg = Debug|Any CPU
		{E6763583-97DF-FB54-695D-3F0CDDE221CE}.Debug|Any CPU.Build.0 = Debug|Any CPU
		{E6763583-97DF-FB54-695D-3F0CDDE221CE}.Release|Any CPU.ActiveCfg = Release|Any CPU
		{E6763583-97DF-FB54-695D-3F0CDDE221CE}.Release|Any CPU.Build.0 = Release|Any CPU
		{4C93F264-6AE6-6228-70B9-08BE47B43D2C}.Debug|Any CPU.ActiveCfg = Debug|Any CPU
		{4C93F264-6AE6-6228-70B9-08BE47B43D2C}.Debug|Any CPU.Build.0 = Debug|Any CPU
		{4C93F264-6AE6-6228-70B9-08BE47B43D2C}.Release|Any CPU.ActiveCfg = Release|Any CPU
		{4C93F264-6AE6-6228-70B9-08BE47B43D2C}.Release|Any CPU.Build.0 = Release|Any CPU
		{C58541C8-E9BE-BC3C-E041-9ACA9E44A0D1}.Debug|Any CPU.ActiveCfg = Debug|Any CPU
		{C58541C8-E9BE-BC3C-E041-9ACA9E44A0D1}.Debug|Any CPU.Build.0 = Debug|Any CPU
		{C58541C8-E9BE-BC3C-E041-9ACA9E44A0D1}.Release|Any CPU.ActiveCfg = Release|Any CPU
		{C58541C8-E9BE-BC3C-E041-9ACA9E44A0D1}.Release|Any CPU.Build.0 = Release|Any CPU
		{FEBF4082-4B62-4650-4A47-938F5F762955}.Debug|Any CPU.ActiveCfg = Debug|Any CPU
		{FEBF4082-4B62-4650-4A47-938F5F762955}.Debug|Any CPU.Build.0 = Debug|Any CPU
		{FEBF4082-4B62-4650-4A47-938F5F762955}.Release|Any CPU.ActiveCfg = Release|Any CPU
		{FEBF4082-4B62-4650-4A47-938F5F762955}.Release|Any CPU.Build.0 = Release|Any CPU
		{860D755A-083C-B9A9-29DA-A9EDE0B7E203}.Debug|Any CPU.ActiveCfg = Debug|Any CPU
		{860D755A-083C-B9A9-29DA-A9EDE0B7E203}.Debug|Any CPU.Build.0 = Debug|Any CPU
		{860D755A-083C-B9A9-29DA-A9EDE0B7E203}.Release|Any CPU.ActiveCfg = Release|Any CPU
		{860D755A-083C-B9A9-29DA-A9EDE0B7E203}.Release|Any CPU.Build.0 = Release|Any CPU
		{B385A083-5F29-F9FE-DB0A-C62012FCACF0}.Debug|Any CPU.ActiveCfg = Debug|Any CPU
		{B385A083-5F29-F9FE-DB0A-C62012FCACF0}.Debug|Any CPU.Build.0 = Debug|Any CPU
		{B385A083-5F29-F9FE-DB0A-C62012FCACF0}.Release|Any CPU.ActiveCfg = Release|Any CPU
		{B385A083-5F29-F9FE-DB0A-C62012FCACF0}.Release|Any CPU.Build.0 = Release|Any CPU
		{FEAC807D-0299-2844-9FAF-D95C47ED5B3F}.Debug|Any CPU.ActiveCfg = Debug|Any CPU
		{FEAC807D-0299-2844-9FAF-D95C47ED5B3F}.Debug|Any CPU.Build.0 = Debug|Any CPU
		{FEAC807D-0299-2844-9FAF-D95C47ED5B3F}.Release|Any CPU.ActiveCfg = Release|Any CPU
		{FEAC807D-0299-2844-9FAF-D95C47ED5B3F}.Release|Any CPU.Build.0 = Release|Any CPU
		{AEFEC047-3C89-F67D-53AA-F67AA12A43A4}.Debug|Any CPU.ActiveCfg = Debug|Any CPU
		{AEFEC047-3C89-F67D-53AA-F67AA12A43A4}.Debug|Any CPU.Build.0 = Debug|Any CPU
		{AEFEC047-3C89-F67D-53AA-F67AA12A43A4}.Release|Any CPU.ActiveCfg = Release|Any CPU
		{AEFEC047-3C89-F67D-53AA-F67AA12A43A4}.Release|Any CPU.Build.0 = Release|Any CPU
		{F02B8140-651F-5341-A0C8-B1BC0DE21C7A}.Debug|Any CPU.ActiveCfg = Debug|Any CPU
		{F02B8140-651F-5341-A0C8-B1BC0DE21C7A}.Debug|Any CPU.Build.0 = Debug|Any CPU
		{F02B8140-651F-5341-A0C8-B1BC0DE21C7A}.Release|Any CPU.ActiveCfg = Release|Any CPU
		{F02B8140-651F-5341-A0C8-B1BC0DE21C7A}.Release|Any CPU.Build.0 = Release|Any CPU
		{D2D072EE-D984-52D2-7115-6B3F50C2ED42}.Debug|Any CPU.ActiveCfg = Debug|Any CPU
		{D2D072EE-D984-52D2-7115-6B3F50C2ED42}.Debug|Any CPU.Build.0 = Debug|Any CPU
		{D2D072EE-D984-52D2-7115-6B3F50C2ED42}.Release|Any CPU.ActiveCfg = Release|Any CPU
		{D2D072EE-D984-52D2-7115-6B3F50C2ED42}.Release|Any CPU.Build.0 = Release|Any CPU
		{0FA0B255-7147-3257-F49E-DF3DAE62E4CE}.Debug|Any CPU.ActiveCfg = Debug|Any CPU
		{0FA0B255-7147-3257-F49E-DF3DAE62E4CE}.Debug|Any CPU.Build.0 = Debug|Any CPU
		{0FA0B255-7147-3257-F49E-DF3DAE62E4CE}.Release|Any CPU.ActiveCfg = Release|Any CPU
		{0FA0B255-7147-3257-F49E-DF3DAE62E4CE}.Release|Any CPU.Build.0 = Release|Any CPU
		{A79F8265-3B81-CBC1-3D4A-93BA5927848C}.Debug|Any CPU.ActiveCfg = Debug|Any CPU
		{A79F8265-3B81-CBC1-3D4A-93BA5927848C}.Debug|Any CPU.Build.0 = Debug|Any CPU
		{A79F8265-3B81-CBC1-3D4A-93BA5927848C}.Release|Any CPU.ActiveCfg = Release|Any CPU
		{A79F8265-3B81-CBC1-3D4A-93BA5927848C}.Release|Any CPU.Build.0 = Release|Any CPU
		{8A3F67B4-C38B-0627-62C4-AC1D491D4B93}.Debug|Any CPU.ActiveCfg = Debug|Any CPU
		{8A3F67B4-C38B-0627-62C4-AC1D491D4B93}.Debug|Any CPU.Build.0 = Debug|Any CPU
		{8A3F67B4-C38B-0627-62C4-AC1D491D4B93}.Release|Any CPU.ActiveCfg = Release|Any CPU
		{8A3F67B4-C38B-0627-62C4-AC1D491D4B93}.Release|Any CPU.Build.0 = Release|Any CPU
		{50C53288-4289-DACA-6E58-00FB7FB7C63E}.Debug|Any CPU.ActiveCfg = Debug|Any CPU
		{50C53288-4289-DACA-6E58-00FB7FB7C63E}.Debug|Any CPU.Build.0 = Debug|Any CPU
		{50C53288-4289-DACA-6E58-00FB7FB7C63E}.Release|Any CPU.ActiveCfg = Release|Any CPU
		{50C53288-4289-DACA-6E58-00FB7FB7C63E}.Release|Any CPU.Build.0 = Release|Any CPU
		{C764B396-B51B-B7A6-3BED-31E5B33916E4}.Debug|Any CPU.ActiveCfg = Debug|Any CPU
		{C764B396-B51B-B7A6-3BED-31E5B33916E4}.Debug|Any CPU.Build.0 = Debug|Any CPU
		{C764B396-B51B-B7A6-3BED-31E5B33916E4}.Release|Any CPU.ActiveCfg = Release|Any CPU
		{C764B396-B51B-B7A6-3BED-31E5B33916E4}.Release|Any CPU.Build.0 = Release|Any CPU
		{8D91CF27-0E54-61F9-CC44-C0DE6D025CAA}.Debug|Any CPU.ActiveCfg = Debug|Any CPU
		{8D91CF27-0E54-61F9-CC44-C0DE6D025CAA}.Debug|Any CPU.Build.0 = Debug|Any CPU
		{8D91CF27-0E54-61F9-CC44-C0DE6D025CAA}.Release|Any CPU.ActiveCfg = Release|Any CPU
		{8D91CF27-0E54-61F9-CC44-C0DE6D025CAA}.Release|Any CPU.Build.0 = Release|Any CPU
		{A3920395-BADF-3965-A097-775EB520CB0E}.Debug|Any CPU.ActiveCfg = Debug|Any CPU
		{A3920395-BADF-3965-A097-775EB520CB0E}.Debug|Any CPU.Build.0 = Debug|Any CPU
		{A3920395-BADF-3965-A097-775EB520CB0E}.Release|Any CPU.ActiveCfg = Release|Any CPU
		{A3920395-BADF-3965-A097-775EB520CB0E}.Release|Any CPU.Build.0 = Release|Any CPU
		{034AA438-DC51-F6FB-D574-7B27AD64A9A4}.Debug|Any CPU.ActiveCfg = Debug|Any CPU
		{034AA438-DC51-F6FB-D574-7B27AD64A9A4}.Debug|Any CPU.Build.0 = Debug|Any CPU
		{034AA438-DC51-F6FB-D574-7B27AD64A9A4}.Release|Any CPU.ActiveCfg = Release|Any CPU
		{034AA438-DC51-F6FB-D574-7B27AD64A9A4}.Release|Any CPU.Build.0 = Release|Any CPU
		{5AB13E57-7FF2-9638-EB69-65C19803FBC1}.Debug|Any CPU.ActiveCfg = Debug|Any CPU
		{5AB13E57-7FF2-9638-EB69-65C19803FBC1}.Debug|Any CPU.Build.0 = Debug|Any CPU
		{5AB13E57-7FF2-9638-EB69-65C19803FBC1}.Release|Any CPU.ActiveCfg = Release|Any CPU
		{5AB13E57-7FF2-9638-EB69-65C19803FBC1}.Release|Any CPU.Build.0 = Release|Any CPU
		{7A0829C7-6B51-1E0B-17E5-0A8F82259A08}.Debug|Any CPU.ActiveCfg = Debug|Any CPU
		{7A0829C7-6B51-1E0B-17E5-0A8F82259A08}.Debug|Any CPU.Build.0 = Debug|Any CPU
		{7A0829C7-6B51-1E0B-17E5-0A8F82259A08}.Release|Any CPU.ActiveCfg = Release|Any CPU
		{7A0829C7-6B51-1E0B-17E5-0A8F82259A08}.Release|Any CPU.Build.0 = Release|Any CPU
		{DDF76637-B9A2-FE38-E8F4-A1653A81AB3D}.Debug|Any CPU.ActiveCfg = Debug|Any CPU
		{DDF76637-B9A2-FE38-E8F4-A1653A81AB3D}.Debug|Any CPU.Build.0 = Debug|Any CPU
		{DDF76637-B9A2-FE38-E8F4-A1653A81AB3D}.Release|Any CPU.ActiveCfg = Release|Any CPU
		{DDF76637-B9A2-FE38-E8F4-A1653A81AB3D}.Release|Any CPU.Build.0 = Release|Any CPU
		{82AA56B4-4DC8-9807-B65C-A073E68FBB24}.Debug|Any CPU.ActiveCfg = Debug|Any CPU
		{82AA56B4-4DC8-9807-B65C-A073E68FBB24}.Debug|Any CPU.Build.0 = Debug|Any CPU
		{82AA56B4-4DC8-9807-B65C-A073E68FBB24}.Release|Any CPU.ActiveCfg = Release|Any CPU
		{82AA56B4-4DC8-9807-B65C-A073E68FBB24}.Release|Any CPU.Build.0 = Release|Any CPU
		{59BAC975-E975-248D-6FF8-7570E9D4EA2C}.Debug|Any CPU.ActiveCfg = Debug|Any CPU
		{59BAC975-E975-248D-6FF8-7570E9D4EA2C}.Debug|Any CPU.Build.0 = Debug|Any CPU
		{59BAC975-E975-248D-6FF8-7570E9D4EA2C}.Release|Any CPU.ActiveCfg = Release|Any CPU
		{59BAC975-E975-248D-6FF8-7570E9D4EA2C}.Release|Any CPU.Build.0 = Release|Any CPU
		{2DFA0D05-942B-061C-5E38-DA90157D7526}.Debug|Any CPU.ActiveCfg = Debug|Any CPU
		{2DFA0D05-942B-061C-5E38-DA90157D7526}.Debug|Any CPU.Build.0 = Debug|Any CPU
		{2DFA0D05-942B-061C-5E38-DA90157D7526}.Release|Any CPU.ActiveCfg = Release|Any CPU
		{2DFA0D05-942B-061C-5E38-DA90157D7526}.Release|Any CPU.Build.0 = Release|Any CPU
		{67B3359A-D85D-C9DF-E189-C92D312AB170}.Debug|Any CPU.ActiveCfg = Debug|Any CPU
		{67B3359A-D85D-C9DF-E189-C92D312AB170}.Debug|Any CPU.Build.0 = Debug|Any CPU
		{67B3359A-D85D-C9DF-E189-C92D312AB170}.Release|Any CPU.ActiveCfg = Release|Any CPU
		{67B3359A-D85D-C9DF-E189-C92D312AB170}.Release|Any CPU.Build.0 = Release|Any CPU
		{ECB64864-2CA3-1163-0D97-DFBF22712594}.Debug|Any CPU.ActiveCfg = Debug|Any CPU
		{ECB64864-2CA3-1163-0D97-DFBF22712594}.Debug|Any CPU.Build.0 = Debug|Any CPU
		{ECB64864-2CA3-1163-0D97-DFBF22712594}.Release|Any CPU.ActiveCfg = Release|Any CPU
		{ECB64864-2CA3-1163-0D97-DFBF22712594}.Release|Any CPU.Build.0 = Release|Any CPU
		{A6FF7099-09A7-66F0-24C3-CC1B241F7426}.Debug|Any CPU.ActiveCfg = Debug|Any CPU
		{A6FF7099-09A7-66F0-24C3-CC1B241F7426}.Debug|Any CPU.Build.0 = Debug|Any CPU
		{A6FF7099-09A7-66F0-24C3-CC1B241F7426}.Release|Any CPU.ActiveCfg = Release|Any CPU
		{A6FF7099-09A7-66F0-24C3-CC1B241F7426}.Release|Any CPU.Build.0 = Release|Any CPU
		{3A3514DE-E565-79AF-D9A9-0982D84D7820}.Debug|Any CPU.ActiveCfg = Debug|Any CPU
		{3A3514DE-E565-79AF-D9A9-0982D84D7820}.Debug|Any CPU.Build.0 = Debug|Any CPU
		{3A3514DE-E565-79AF-D9A9-0982D84D7820}.Release|Any CPU.ActiveCfg = Release|Any CPU
		{3A3514DE-E565-79AF-D9A9-0982D84D7820}.Release|Any CPU.Build.0 = Release|Any CPU
		{20C75D1B-69CC-5D4F-5388-0435438A16F4}.Debug|Any CPU.ActiveCfg = Debug|Any CPU
		{20C75D1B-69CC-5D4F-5388-0435438A16F4}.Debug|Any CPU.Build.0 = Debug|Any CPU
		{20C75D1B-69CC-5D4F-5388-0435438A16F4}.Release|Any CPU.ActiveCfg = Release|Any CPU
		{20C75D1B-69CC-5D4F-5388-0435438A16F4}.Release|Any CPU.Build.0 = Release|Any CPU
		{CE25A3B8-0F00-3B82-373A-A3D2F3D0B98E}.Debug|Any CPU.ActiveCfg = Debug|Any CPU
		{CE25A3B8-0F00-3B82-373A-A3D2F3D0B98E}.Debug|Any CPU.Build.0 = Debug|Any CPU
		{CE25A3B8-0F00-3B82-373A-A3D2F3D0B98E}.Release|Any CPU.ActiveCfg = Release|Any CPU
		{CE25A3B8-0F00-3B82-373A-A3D2F3D0B98E}.Release|Any CPU.Build.0 = Release|Any CPU
		{EE651A5B-251E-91AB-9021-ABCA1B7DE632}.Debug|Any CPU.ActiveCfg = Debug|Any CPU
		{EE651A5B-251E-91AB-9021-ABCA1B7DE632}.Debug|Any CPU.Build.0 = Debug|Any CPU
		{EE651A5B-251E-91AB-9021-ABCA1B7DE632}.Release|Any CPU.ActiveCfg = Release|Any CPU
		{EE651A5B-251E-91AB-9021-ABCA1B7DE632}.Release|Any CPU.Build.0 = Release|Any CPU
		{5BFE7728-1EF9-EB40-ABF3-1BF0F7DD56E1}.Debug|Any CPU.ActiveCfg = Debug|Any CPU
		{5BFE7728-1EF9-EB40-ABF3-1BF0F7DD56E1}.Debug|Any CPU.Build.0 = Debug|Any CPU
		{5BFE7728-1EF9-EB40-ABF3-1BF0F7DD56E1}.Release|Any CPU.ActiveCfg = Release|Any CPU
		{5BFE7728-1EF9-EB40-ABF3-1BF0F7DD56E1}.Release|Any CPU.Build.0 = Release|Any CPU
		{FDC9EB41-5771-1536-E2C6-2CFBB01E3FC3}.Debug|Any CPU.ActiveCfg = Debug|Any CPU
		{FDC9EB41-5771-1536-E2C6-2CFBB01E3FC3}.Debug|Any CPU.Build.0 = Debug|Any CPU
		{FDC9EB41-5771-1536-E2C6-2CFBB01E3FC3}.Release|Any CPU.ActiveCfg = Release|Any CPU
		{FDC9EB41-5771-1536-E2C6-2CFBB01E3FC3}.Release|Any CPU.Build.0 = Release|Any CPU
		{44CF7C10-6659-7E5A-B281-322B21B85666}.Debug|Any CPU.ActiveCfg = Debug|Any CPU
		{44CF7C10-6659-7E5A-B281-322B21B85666}.Debug|Any CPU.Build.0 = Debug|Any CPU
		{44CF7C10-6659-7E5A-B281-322B21B85666}.Release|Any CPU.ActiveCfg = Release|Any CPU
		{44CF7C10-6659-7E5A-B281-322B21B85666}.Release|Any CPU.Build.0 = Release|Any CPU
		{B7109690-D965-B192-BF5F-E4AEFCB2CC13}.Debug|Any CPU.ActiveCfg = Debug|Any CPU
		{B7109690-D965-B192-BF5F-E4AEFCB2CC13}.Debug|Any CPU.Build.0 = Debug|Any CPU
		{B7109690-D965-B192-BF5F-E4AEFCB2CC13}.Release|Any CPU.ActiveCfg = Release|Any CPU
		{B7109690-D965-B192-BF5F-E4AEFCB2CC13}.Release|Any CPU.Build.0 = Release|Any CPU
		{EBB8BA27-0496-3E17-90BC-50CE56630390}.Debug|Any CPU.ActiveCfg = Debug|Any CPU
		{EBB8BA27-0496-3E17-90BC-50CE56630390}.Debug|Any CPU.Build.0 = Debug|Any CPU
		{EBB8BA27-0496-3E17-90BC-50CE56630390}.Release|Any CPU.ActiveCfg = Release|Any CPU
		{EBB8BA27-0496-3E17-90BC-50CE56630390}.Release|Any CPU.Build.0 = Release|Any CPU
		{016594F3-3F89-AA9B-A061-BDF9FFF8AC7C}.Debug|Any CPU.ActiveCfg = Debug|Any CPU
		{016594F3-3F89-AA9B-A061-BDF9FFF8AC7C}.Debug|Any CPU.Build.0 = Debug|Any CPU
		{016594F3-3F89-AA9B-A061-BDF9FFF8AC7C}.Release|Any CPU.ActiveCfg = Release|Any CPU
		{016594F3-3F89-AA9B-A061-BDF9FFF8AC7C}.Release|Any CPU.Build.0 = Release|Any CPU
		{DDE126C9-06C6-AD02-79AF-2D7B04B0AA4E}.Debug|Any CPU.ActiveCfg = Debug|Any CPU
		{DDE126C9-06C6-AD02-79AF-2D7B04B0AA4E}.Debug|Any CPU.Build.0 = Debug|Any CPU
		{DDE126C9-06C6-AD02-79AF-2D7B04B0AA4E}.Release|Any CPU.ActiveCfg = Release|Any CPU
		{DDE126C9-06C6-AD02-79AF-2D7B04B0AA4E}.Release|Any CPU.Build.0 = Release|Any CPU
		{7996F6A7-3EDC-850A-7CFF-A5222352A1BB}.Debug|Any CPU.ActiveCfg = Debug|Any CPU
		{7996F6A7-3EDC-850A-7CFF-A5222352A1BB}.Debug|Any CPU.Build.0 = Debug|Any CPU
		{7996F6A7-3EDC-850A-7CFF-A5222352A1BB}.Release|Any CPU.ActiveCfg = Release|Any CPU
		{7996F6A7-3EDC-850A-7CFF-A5222352A1BB}.Release|Any CPU.Build.0 = Release|Any CPU
		{FE925DDF-C33B-D5BA-8351-CD095AD86423}.Debug|Any CPU.ActiveCfg = Debug|Any CPU
		{FE925DDF-C33B-D5BA-8351-CD095AD86423}.Debug|Any CPU.Build.0 = Debug|Any CPU
		{FE925DDF-C33B-D5BA-8351-CD095AD86423}.Release|Any CPU.ActiveCfg = Release|Any CPU
		{FE925DDF-C33B-D5BA-8351-CD095AD86423}.Release|Any CPU.Build.0 = Release|Any CPU
		{C7438F13-9A15-E988-8D1A-8C5C8766502D}.Debug|Any CPU.ActiveCfg = Debug|Any CPU
		{C7438F13-9A15-E988-8D1A-8C5C8766502D}.Debug|Any CPU.Build.0 = Debug|Any CPU
		{C7438F13-9A15-E988-8D1A-8C5C8766502D}.Release|Any CPU.ActiveCfg = Release|Any CPU
		{C7438F13-9A15-E988-8D1A-8C5C8766502D}.Release|Any CPU.Build.0 = Release|Any CPU
		{4A144F89-0FD5-0491-3127-BFCDC9B75B0B}.Debug|Any CPU.ActiveCfg = Debug|Any CPU
		{4A144F89-0FD5-0491-3127-BFCDC9B75B0B}.Debug|Any CPU.Build.0 = Debug|Any CPU
		{4A144F89-0FD5-0491-3127-BFCDC9B75B0B}.Release|Any CPU.ActiveCfg = Release|Any CPU
		{4A144F89-0FD5-0491-3127-BFCDC9B75B0B}.Release|Any CPU.Build.0 = Release|Any CPU
		{F581D3C3-238A-F837-90CA-8E3B7DAB9764}.Debug|Any CPU.ActiveCfg = Debug|Any CPU
		{F581D3C3-238A-F837-90CA-8E3B7DAB9764}.Debug|Any CPU.Build.0 = Debug|Any CPU
		{F581D3C3-238A-F837-90CA-8E3B7DAB9764}.Release|Any CPU.ActiveCfg = Release|Any CPU
		{F581D3C3-238A-F837-90CA-8E3B7DAB9764}.Release|Any CPU.Build.0 = Release|Any CPU
		{06637B4B-D223-BCA3-FD41-CE4811DF0758}.Debug|Any CPU.ActiveCfg = Debug|Any CPU
		{06637B4B-D223-BCA3-FD41-CE4811DF0758}.Debug|Any CPU.Build.0 = Debug|Any CPU
		{06637B4B-D223-BCA3-FD41-CE4811DF0758}.Release|Any CPU.ActiveCfg = Release|Any CPU
		{06637B4B-D223-BCA3-FD41-CE4811DF0758}.Release|Any CPU.Build.0 = Release|Any CPU
		{5261339F-6AE0-B800-6F80-8113E0EF4BA2}.Debug|Any CPU.ActiveCfg = Debug|Any CPU
		{5261339F-6AE0-B800-6F80-8113E0EF4BA2}.Debug|Any CPU.Build.0 = Debug|Any CPU
		{5261339F-6AE0-B800-6F80-8113E0EF4BA2}.Release|Any CPU.ActiveCfg = Release|Any CPU
		{5261339F-6AE0-B800-6F80-8113E0EF4BA2}.Release|Any CPU.Build.0 = Release|Any CPU
		{63DBD3BC-F77E-AA42-1290-C5AC73C7F957}.Debug|Any CPU.ActiveCfg = Debug|Any CPU
		{63DBD3BC-F77E-AA42-1290-C5AC73C7F957}.Debug|Any CPU.Build.0 = Debug|Any CPU
		{63DBD3BC-F77E-AA42-1290-C5AC73C7F957}.Release|Any CPU.ActiveCfg = Release|Any CPU
		{63DBD3BC-F77E-AA42-1290-C5AC73C7F957}.Release|Any CPU.Build.0 = Release|Any CPU
		{AC4EAE16-C466-2CEA-3F1B-0BE211F28C31}.Debug|Any CPU.ActiveCfg = Debug|Any CPU
		{AC4EAE16-C466-2CEA-3F1B-0BE211F28C31}.Debug|Any CPU.Build.0 = Debug|Any CPU
		{AC4EAE16-C466-2CEA-3F1B-0BE211F28C31}.Release|Any CPU.ActiveCfg = Release|Any CPU
		{AC4EAE16-C466-2CEA-3F1B-0BE211F28C31}.Release|Any CPU.Build.0 = Release|Any CPU
		{7EC26D63-E292-45FE-7E0C-739A289B233F}.Debug|Any CPU.ActiveCfg = Debug|Any CPU
		{7EC26D63-E292-45FE-7E0C-739A289B233F}.Debug|Any CPU.Build.0 = Debug|Any CPU
		{7EC26D63-E292-45FE-7E0C-739A289B233F}.Release|Any CPU.ActiveCfg = Release|Any CPU
		{7EC26D63-E292-45FE-7E0C-739A289B233F}.Release|Any CPU.Build.0 = Release|Any CPU
		{D5152536-3AC2-C0C1-42BA-D6232200B3F5}.Debug|Any CPU.ActiveCfg = Debug|Any CPU
		{D5152536-3AC2-C0C1-42BA-D6232200B3F5}.Debug|Any CPU.Build.0 = Debug|Any CPU
		{D5152536-3AC2-C0C1-42BA-D6232200B3F5}.Release|Any CPU.ActiveCfg = Release|Any CPU
		{D5152536-3AC2-C0C1-42BA-D6232200B3F5}.Release|Any CPU.Build.0 = Release|Any CPU
		{684BBFD0-15CB-D547-C207-EC3D2EFEB654}.Debug|Any CPU.ActiveCfg = Debug|Any CPU
		{684BBFD0-15CB-D547-C207-EC3D2EFEB654}.Debug|Any CPU.Build.0 = Debug|Any CPU
		{684BBFD0-15CB-D547-C207-EC3D2EFEB654}.Release|Any CPU.ActiveCfg = Release|Any CPU
		{684BBFD0-15CB-D547-C207-EC3D2EFEB654}.Release|Any CPU.Build.0 = Release|Any CPU
		{8BB9E8EA-64A5-A020-B06A-440858DBF8BF}.Debug|Any CPU.ActiveCfg = Debug|Any CPU
		{8BB9E8EA-64A5-A020-B06A-440858DBF8BF}.Debug|Any CPU.Build.0 = Debug|Any CPU
		{8BB9E8EA-64A5-A020-B06A-440858DBF8BF}.Release|Any CPU.ActiveCfg = Release|Any CPU
		{8BB9E8EA-64A5-A020-B06A-440858DBF8BF}.Release|Any CPU.Build.0 = Release|Any CPU
		{B87F0247-9CF8-AE13-EE43-51475523C04A}.Debug|Any CPU.ActiveCfg = Debug|Any CPU
		{B87F0247-9CF8-AE13-EE43-51475523C04A}.Debug|Any CPU.Build.0 = Debug|Any CPU
		{B87F0247-9CF8-AE13-EE43-51475523C04A}.Release|Any CPU.ActiveCfg = Release|Any CPU
		{B87F0247-9CF8-AE13-EE43-51475523C04A}.Release|Any CPU.Build.0 = Release|Any CPU
	EndGlobalSection
	GlobalSection(SolutionProperties) = preSolution
		HideSolutionNode = FALSE
	EndGlobalSection
EndGlobal
